
Microsoft Visual Studio Solution File, Format Version 12.00
# Visual Studio Version 17
VisualStudioVersion = 17.8.34322.80
MinimumVisualStudioVersion = 10.0.40219.1
Project("{9A19103F-16F7-4668-BE54-9A1E7A4F7556}") = "FacilaIT", "FacilaIT.csproj", "{9B052AA0-6F7A-46AF-821E-C42EBFBBAE15}"
EndProject
Global
	GlobalSection(SolutionConfigurationPlatforms) = preSolution
		Debug|Any CPU = Debug|Any CPU
		Release|Any CPU = Release|Any CPU
	EndGlobalSection
	GlobalSection(ProjectConfigurationPlatforms) = postSolution
		{9B052AA0-6F7A-46AF-821E-C42EBFBBAE15}.Debug|Any CPU.ActiveCfg = Debug|Any CPU
		{9B052AA0-6F7A-46AF-821E-C42EBFBBAE15}.Debug|Any CPU.Build.0 = Debug|Any CPU
		{9B052AA0-6F7A-46AF-821E-C42EBFBBAE15}.Release|Any CPU.ActiveCfg = Release|Any CPU
		{9B052AA0-6F7A-46AF-821E-C42EBFBBAE15}.Release|Any CPU.Build.0 = Release|Any CPU
	EndGlobalSection
	GlobalSection(SolutionProperties) = preSolution
		HideSolutionNode = FALSE
	EndGlobalSection
	GlobalSection(ExtensibilityGlobals) = postSolution
		SolutionGuid = {99E551F0-90F8-4782-B98E-CD535F0620E6}
	EndGlobalSection
EndGlobal
